{
  "name": "homework-02",
  "lockfileVersion": 3,
  "requires": true,
  "packages": {
    "": {
      "dependencies": {
        "my-calculator-v01": "^1.4.0"
      }
    },
    "node_modules/my-calculator-v01": {
      "version": "1.4.0",
      "resolved": "https://registry.npmjs.org/my-calculator-v01/-/my-calculator-v01-1.4.0.tgz",
      "integrity": "sha512-s5fHGs+AbP6cCcc74RkjN6IjTc+h8+Jm9iJRpogKk3wKAfEhyVetg3fuSDMz70UcK1asrZiN3OFREoYh1jYJXg==",
      "bin": {
        "calculator": "src/cli.js"
      }
    }
  }
}
